
Microsoft Visual Studio Solution File, Format Version 12.00
# Visual Studio 14
VisualStudioVersion = 14.0.24720.0
MinimumVisualStudioVersion = 10.0.40219.1
Project("{FAE04EC0-301F-11D3-BF4B-00C04F79EFBC}") = "IAOthelloConsoleTest", "IAOthelloConsoleTest\IAOthelloConsoleTest.csproj", "{6E72FA1E-708E-4F66-B4B8-DF302797BAEA}"
EndProject
Global
	GlobalSection(SolutionConfigurationPlatforms) = preSolution
		Debug|Any CPU = Debug|Any CPU
		Release|Any CPU = Release|Any CPU
	EndGlobalSection
	GlobalSection(ProjectConfigurationPlatforms) = postSolution
		{6E72FA1E-708E-4F66-B4B8-DF302797BAEA}.Debug|Any CPU.ActiveCfg = Debug|Any CPU
		{6E72FA1E-708E-4F66-B4B8-DF302797BAEA}.Debug|Any CPU.Build.0 = Debug|Any CPU
		{6E72FA1E-708E-4F66-B4B8-DF302797BAEA}.Release|Any CPU.ActiveCfg = Release|Any CPU
		{6E72FA1E-708E-4F66-B4B8-DF302797BAEA}.Release|Any CPU.Build.0 = Release|Any CPU
	EndGlobalSection
	GlobalSection(SolutionProperties) = preSolution
		HideSolutionNode = FALSE
	EndGlobalSection
EndGlobal
